
Microsoft Visual Studio Solution File, Format Version 12.00
Project("{FAE04EC0-301F-11D3-BF4B-00C04F79EFBC}") = "DAIS_ORM", "DAIS_ORM\DAIS_ORM.csproj", "{801F5BB0-9AE1-44A2-BBDA-DB2DFE99ECD5}"
EndProject
Global
	GlobalSection(SolutionConfigurationPlatforms) = preSolution
		Debug|Any CPU = Debug|Any CPU
		Release|Any CPU = Release|Any CPU
	EndGlobalSection
	GlobalSection(ProjectConfigurationPlatforms) = postSolution
		{801F5BB0-9AE1-44A2-BBDA-DB2DFE99ECD5}.Debug|Any CPU.ActiveCfg = Debug|Any CPU
		{801F5BB0-9AE1-44A2-BBDA-DB2DFE99ECD5}.Debug|Any CPU.Build.0 = Debug|Any CPU
		{801F5BB0-9AE1-44A2-BBDA-DB2DFE99ECD5}.Release|Any CPU.ActiveCfg = Release|Any CPU
		{801F5BB0-9AE1-44A2-BBDA-DB2DFE99ECD5}.Release|Any CPU.Build.0 = Release|Any CPU
	EndGlobalSection
EndGlobal
